
Microsoft Visual Studio Solution File, Format Version 12.00
# Visual Studio Version 16
VisualStudioVersion = 16.0.30128.74
MinimumVisualStudioVersion = 10.0.40219.1
Project("{FAE04EC0-301F-11D3-BF4B-00C04F79EFBC}") = "BethanysPieShop", "BethanysPieShop\BethanysPieShop.csproj", "{9484714C-C423-4149-893D-3BE933DAD719}"
EndProject
Global
	GlobalSection(SolutionConfigurationPlatforms) = preSolution
		Debug|Any CPU = Debug|Any CPU
		Release|Any CPU = Release|Any CPU
	EndGlobalSection
	GlobalSection(ProjectConfigurationPlatforms) = postSolution
		{9484714C-C423-4149-893D-3BE933DAD719}.Debug|Any CPU.ActiveCfg = Debug|Any CPU
		{9484714C-C423-4149-893D-3BE933DAD719}.Debug|Any CPU.Build.0 = Debug|Any CPU
		{9484714C-C423-4149-893D-3BE933DAD719}.Release|Any CPU.ActiveCfg = Release|Any CPU
		{9484714C-C423-4149-893D-3BE933DAD719}.Release|Any CPU.Build.0 = Release|Any CPU
	EndGlobalSection
	GlobalSection(SolutionProperties) = preSolution
		HideSolutionNode = FALSE
	EndGlobalSection
	GlobalSection(ExtensibilityGlobals) = postSolution
		SolutionGuid = {726F8814-B129-44EA-BE84-4BB969E2B526}
	EndGlobalSection
EndGlobal
